// !$*UTF8*$!
{
	archiveVersion = 1;
	classes = {
	};
	objectVersion = 56;
	objects = {

/* Begin PBXBuildFile section */
		AC37E07929669936001E9F69 /* OneMonthView.swift in Sources */ = {isa = PBXBuildFile; fileRef = AC37E07829669936001E9F69 /* OneMonthView.swift */; };
		AC37E07B2967012D001E9F69 /* SixMonthView.swift in Sources */ = {isa = PBXBuildFile; fileRef = AC37E07A2967012D001E9F69 /* SixMonthView.swift */; };
		AC37E07D29670141001E9F69 /* OneYearView.swift in Sources */ = {isa = PBXBuildFile; fileRef = AC37E07C29670141001E9F69 /* OneYearView.swift */; };
		AC4AE35A296EAEDA002C458A /* FirebaseAuth in Frameworks */ = {isa = PBXBuildFile; productRef = AC4AE359296EAEDA002C458A /* FirebaseAuth */; };
		AC4AE35D296EAF17002C458A /* AppDelegate.swift in Sources */ = {isa = PBXBuildFile; fileRef = AC4AE35C296EAF17002C458A /* AppDelegate.swift */; };
		AC4AE367296EB405002C458A /* GoogleSiginBtn.swift in Sources */ = {isa = PBXBuildFile; fileRef = AC4AE366296EB405002C458A /* GoogleSiginBtn.swift */; };
		AC4AE369296EB6D8002C458A /* Additional View.swift in Sources */ = {isa = PBXBuildFile; fileRef = AC4AE368296EB6D8002C458A /* Additional View.swift */; };
		AC4AE36D296F0AB6002C458A /* GoogleService-Info.plist in Resources */ = {isa = PBXBuildFile; fileRef = AC4AE36C296F0AB6002C458A /* GoogleService-Info.plist */; };
		AC4AE370296F121E002C458A /* GoogleSignIn in Frameworks */ = {isa = PBXBuildFile; productRef = AC4AE36F296F121E002C458A /* GoogleSignIn */; };
		AC4AE372296F121E002C458A /* GoogleSignInSwift in Frameworks */ = {isa = PBXBuildFile; productRef = AC4AE371296F121E002C458A /* GoogleSignInSwift */; };
		AC4AE374296F154D002C458A /* FireAuth.swift in Sources */ = {isa = PBXBuildFile; fileRef = AC4AE373296F154D002C458A /* FireAuth.swift */; };
		AC5474C729742709005DB650 /* SceneDelegate.swift in Sources */ = {isa = PBXBuildFile; fileRef = AC5474C629742709005DB650 /* SceneDelegate.swift */; };
		AC5CE9062972F0EF0021F0F6 /* KakaoSDKAuth in Frameworks */ = {isa = PBXBuildFile; productRef = AC5CE9052972F0EF0021F0F6 /* KakaoSDKAuth */; };
		AC5CE9082972F0EF0021F0F6 /* KakaoSDKCommon in Frameworks */ = {isa = PBXBuildFile; productRef = AC5CE9072972F0EF0021F0F6 /* KakaoSDKCommon */; };
		AC5CE90A2972F0EF0021F0F6 /* KakaoSDKUser in Frameworks */ = {isa = PBXBuildFile; productRef = AC5CE9092972F0EF0021F0F6 /* KakaoSDKUser */; };
		AC7E9775296DC6A4006E4DA8 /* LoginView.swift in Sources */ = {isa = PBXBuildFile; fileRef = AC7E9774296DC6A4006E4DA8 /* LoginView.swift */; };
		AC87A8DF296AA84A007F55D9 /* SelectPeriodView.swift in Sources */ = {isa = PBXBuildFile; fileRef = AC87A8DE296AA84A007F55D9 /* SelectPeriodView.swift */; };
		AC87A8E1296AA8CE007F55D9 /* Onboarding.swift in Sources */ = {isa = PBXBuildFile; fileRef = AC87A8E0296AA8CE007F55D9 /* Onboarding.swift */; };
		ACA524262960140200D76958 /* RichPaper2App.swift in Sources */ = {isa = PBXBuildFile; fileRef = ACA524252960140200D76958 /* RichPaper2App.swift */; };
		ACA524282960140200D76958 /* ContentView.swift in Sources */ = {isa = PBXBuildFile; fileRef = ACA524272960140200D76958 /* ContentView.swift */; };
		ACA5242A2960140300D76958 /* Assets.xcassets in Resources */ = {isa = PBXBuildFile; fileRef = ACA524292960140300D76958 /* Assets.xcassets */; };
		ACA5242D2960140300D76958 /* Preview Assets.xcassets in Resources */ = {isa = PBXBuildFile; fileRef = ACA5242C2960140300D76958 /* Preview Assets.xcassets */; };
/* End PBXBuildFile section */

/* Begin PBXFileReference section */
		AC37E07829669936001E9F69 /* OneMonthView.swift */ = {isa = PBXFileReference; fileEncoding = 4; lastKnownFileType = sourcecode.swift; path = OneMonthView.swift; sourceTree = "<group>"; };
		AC37E07A2967012D001E9F69 /* SixMonthView.swift */ = {isa = PBXFileReference; lastKnownFileType = sourcecode.swift; path = SixMonthView.swift; sourceTree = "<group>"; };
		AC37E07C29670141001E9F69 /* OneYearView.swift */ = {isa = PBXFileReference; lastKnownFileType = sourcecode.swift; path = OneYearView.swift; sourceTree = "<group>"; };
		AC4AE35C296EAF17002C458A /* AppDelegate.swift */ = {isa = PBXFileReference; lastKnownFileType = sourcecode.swift; path = AppDelegate.swift; sourceTree = "<group>"; };
		AC4AE365296EB2FF002C458A /* Info.plist */ = {isa = PBXFileReference; lastKnownFileType = text.plist; path = Info.plist; sourceTree = "<group>"; };
		AC4AE366296EB405002C458A /* GoogleSiginBtn.swift */ = {isa = PBXFileReference; lastKnownFileType = sourcecode.swift; path = GoogleSiginBtn.swift; sourceTree = "<group>"; };
		AC4AE368296EB6D8002C458A /* Additional View.swift */ = {isa = PBXFileReference; lastKnownFileType = sourcecode.swift; path = "Additional View.swift"; sourceTree = "<group>"; };
		AC4AE36C296F0AB6002C458A /* GoogleService-Info.plist */ = {isa = PBXFileReference; fileEncoding = 4; lastKnownFileType = text.plist.xml; name = "GoogleService-Info.plist"; path = "Helper/GoogleService-Info.plist"; sourceTree = "<group>"; };
		AC4AE373296F154D002C458A /* FireAuth.swift */ = {isa = PBXFileReference; lastKnownFileType = sourcecode.swift; path = FireAuth.swift; sourceTree = "<group>"; };
		AC5474C529742401005DB650 /* Config.xcconfig */ = {isa = PBXFileReference; lastKnownFileType = text.xcconfig; path = Config.xcconfig; sourceTree = "<group>"; };
		AC5474C629742709005DB650 /* SceneDelegate.swift */ = {isa = PBXFileReference; lastKnownFileType = sourcecode.swift; path = SceneDelegate.swift; sourceTree = "<group>"; };
		AC7E9774296DC6A4006E4DA8 /* LoginView.swift */ = {isa = PBXFileReference; lastKnownFileType = sourcecode.swift; path = LoginView.swift; sourceTree = "<group>"; };
		AC87A8DE296AA84A007F55D9 /* SelectPeriodView.swift */ = {isa = PBXFileReference; lastKnownFileType = sourcecode.swift; path = SelectPeriodView.swift; sourceTree = "<group>"; };
		AC87A8E0296AA8CE007F55D9 /* Onboarding.swift */ = {isa = PBXFileReference; fileEncoding = 4; lastKnownFileType = sourcecode.swift; path = Onboarding.swift; sourceTree = "<group>"; };
		ACA524222960140200D76958 /* RichPaper2.app */ = {isa = PBXFileReference; explicitFileType = wrapper.application; includeInIndex = 0; path = RichPaper2.app; sourceTree = BUILT_PRODUCTS_DIR; };
		ACA524252960140200D76958 /* RichPaper2App.swift */ = {isa = PBXFileReference; lastKnownFileType = sourcecode.swift; path = RichPaper2App.swift; sourceTree = "<group>"; };
		ACA524272960140200D76958 /* ContentView.swift */ = {isa = PBXFileReference; lastKnownFileType = sourcecode.swift; path = ContentView.swift; sourceTree = "<group>"; };
		ACA524292960140300D76958 /* Assets.xcassets */ = {isa = PBXFileReference; lastKnownFileType = folder.assetcatalog; path = Assets.xcassets; sourceTree = "<group>"; };
		ACA5242C2960140300D76958 /* Preview Assets.xcassets */ = {isa = PBXFileReference; lastKnownFileType = folder.assetcatalog; path = "Preview Assets.xcassets"; sourceTree = "<group>"; };
/* End PBXFileReference section */

/* Begin PBXFrameworksBuildPhase section */
		ACA5241F2960140200D76958 /* Frameworks */ = {
			isa = PBXFrameworksBuildPhase;
			buildActionMask = 2147483647;
			files = (
				AC4AE372296F121E002C458A /* GoogleSignInSwift in Frameworks */,
				AC4AE35A296EAEDA002C458A /* FirebaseAuth in Frameworks */,
				AC5CE90A2972F0EF0021F0F6 /* KakaoSDKUser in Frameworks */,
				AC4AE370296F121E002C458A /* GoogleSignIn in Frameworks */,
				AC5CE9082972F0EF0021F0F6 /* KakaoSDKCommon in Frameworks */,
				AC5CE9062972F0EF0021F0F6 /* KakaoSDKAuth in Frameworks */,
			);
			runOnlyForDeploymentPostprocessing = 0;
		};
/* End PBXFrameworksBuildPhase section */

/* Begin PBXGroup section */
		AC4AE35B296EAEF4002C458A /* Helper */ = {
			isa = PBXGroup;
			children = (
				AC4AE35C296EAF17002C458A /* AppDelegate.swift */,
				AC5474C529742401005DB650 /* Config.xcconfig */,
				AC4AE368296EB6D8002C458A /* Additional View.swift */,
				AC4AE373296F154D002C458A /* FireAuth.swift */,
				AC5474C629742709005DB650 /* SceneDelegate.swift */,
			);
			path = Helper;
			sourceTree = "<group>";
		};
		AC7E9778296DD390006E4DA8 /* Onboarding & Login */ = {
			isa = PBXGroup;
			children = (
				AC87A8E0296AA8CE007F55D9 /* Onboarding.swift */,
				AC7E9774296DC6A4006E4DA8 /* LoginView.swift */,
				AC4AE366296EB405002C458A /* GoogleSiginBtn.swift */,
			);
			path = "Onboarding & Login";
			sourceTree = "<group>";
		};
		AC7E9779296DD3B0006E4DA8 /* Detail */ = {
			isa = PBXGroup;
			children = (
				AC87A8DE296AA84A007F55D9 /* SelectPeriodView.swift */,
				AC37E07829669936001E9F69 /* OneMonthView.swift */,
				AC37E07A2967012D001E9F69 /* SixMonthView.swift */,
				AC37E07C29670141001E9F69 /* OneYearView.swift */,
			);
			path = Detail;
			sourceTree = "<group>";
		};
		ACA524192960140200D76958 = {
			isa = PBXGroup;
			children = (
				ACA524242960140200D76958 /* RichPaper2 */,
				ACA524232960140200D76958 /* Products */,
			);
			sourceTree = "<group>";
		};
		ACA524232960140200D76958 /* Products */ = {
			isa = PBXGroup;
			children = (
				ACA524222960140200D76958 /* RichPaper2.app */,
			);
			name = Products;
			sourceTree = "<group>";
		};
		ACA524242960140200D76958 /* RichPaper2 */ = {
			isa = PBXGroup;
			children = (
				AC4AE36C296F0AB6002C458A /* GoogleService-Info.plist */,
				AC4AE365296EB2FF002C458A /* Info.plist */,
				AC4AE35B296EAEF4002C458A /* Helper */,
				ACA524252960140200D76958 /* RichPaper2App.swift */,
				ACA524272960140200D76958 /* ContentView.swift */,
				AC7E9778296DD390006E4DA8 /* Onboarding & Login */,
				AC7E9779296DD3B0006E4DA8 /* Detail */,
				ACA524292960140300D76958 /* Assets.xcassets */,
				ACA5242B2960140300D76958 /* Preview Content */,
			);
			path = RichPaper2;
			sourceTree = "<group>";
		};
		ACA5242B2960140300D76958 /* Preview Content */ = {
			isa = PBXGroup;
			children = (
				ACA5242C2960140300D76958 /* Preview Assets.xcassets */,
			);
			path = "Preview Content";
			sourceTree = "<group>";
		};
/* End PBXGroup section */

/* Begin PBXNativeTarget section */
		ACA524212960140200D76958 /* RichPaper2 */ = {
			isa = PBXNativeTarget;
			buildConfigurationList = ACA524302960140300D76958 /* Build configuration list for PBXNativeTarget "RichPaper2" */;
			buildPhases = (
				ACA5241E2960140200D76958 /* Sources */,
				ACA5241F2960140200D76958 /* Frameworks */,
				ACA524202960140200D76958 /* Resources */,
			);
			buildRules = (
			);
			dependencies = (
			);
			name = RichPaper2;
			packageProductDependencies = (
				AC4AE359296EAEDA002C458A /* FirebaseAuth */,
				AC4AE36F296F121E002C458A /* GoogleSignIn */,
				AC4AE371296F121E002C458A /* GoogleSignInSwift */,
				AC5CE9052972F0EF0021F0F6 /* KakaoSDKAuth */,
				AC5CE9072972F0EF0021F0F6 /* KakaoSDKCommon */,
				AC5CE9092972F0EF0021F0F6 /* KakaoSDKUser */,
			);
			productName = RichPaper2;
			productReference = ACA524222960140200D76958 /* RichPaper2.app */;
			productType = "com.apple.product-type.application";
		};
/* End PBXNativeTarget section */

/* Begin PBXProject section */
		ACA5241A2960140200D76958 /* Project object */ = {
			isa = PBXProject;
			attributes = {
				BuildIndependentTargetsInParallel = 1;
				LastSwiftUpdateCheck = 1420;
				LastUpgradeCheck = 1420;
				TargetAttributes = {
					ACA524212960140200D76958 = {
						CreatedOnToolsVersion = 14.2;
					};
				};
			};
			buildConfigurationList = ACA5241D2960140200D76958 /* Build configuration list for PBXProject "RichPaper2" */;
			compatibilityVersion = "Xcode 14.0";
			developmentRegion = en;
			hasScannedForEncodings = 0;
			knownRegions = (
				en,
				Base,
			);
			mainGroup = ACA524192960140200D76958;
			packageReferences = (
				AC4AE358296EAEDA002C458A /* XCRemoteSwiftPackageReference "firebase-ios-sdk" */,
				AC4AE36E296F121E002C458A /* XCRemoteSwiftPackageReference "GoogleSignIn-iOS" */,
				AC5CE9042972F0EF0021F0F6 /* XCRemoteSwiftPackageReference "kakao-ios-sdk" */,
			);
			productRefGroup = ACA524232960140200D76958 /* Products */;
			projectDirPath = "";
			projectRoot = "";
			targets = (
				ACA524212960140200D76958 /* RichPaper2 */,
			);
		};
/* End PBXProject section */

/* Begin PBXResourcesBuildPhase section */
		ACA524202960140200D76958 /* Resources */ = {
			isa = PBXResourcesBuildPhase;
			buildActionMask = 2147483647;
			files = (
				ACA5242D2960140300D76958 /* Preview Assets.xcassets in Resources */,
				ACA5242A2960140300D76958 /* Assets.xcassets in Resources */,
				AC4AE36D296F0AB6002C458A /* GoogleService-Info.plist in Resources */,
			);
			runOnlyForDeploymentPostprocessing = 0;
		};
/* End PBXResourcesBuildPhase section */

/* Begin PBXSourcesBuildPhase section */
		ACA5241E2960140200D76958 /* Sources */ = {
			isa = PBXSourcesBuildPhase;
			buildActionMask = 2147483647;
			files = (
				AC87A8DF296AA84A007F55D9 /* SelectPeriodView.swift in Sources */,
				AC37E07929669936001E9F69 /* OneMonthView.swift in Sources */,
				AC4AE369296EB6D8002C458A /* Additional View.swift in Sources */,
				AC37E07B2967012D001E9F69 /* SixMonthView.swift in Sources */,
				AC4AE35D296EAF17002C458A /* AppDelegate.swift in Sources */,
				AC4AE374296F154D002C458A /* FireAuth.swift in Sources */,
				ACA524282960140200D76958 /* ContentView.swift in Sources */,
				ACA524262960140200D76958 /* RichPaper2App.swift in Sources */,
				AC5474C729742709005DB650 /* SceneDelegate.swift in Sources */,
				AC37E07D29670141001E9F69 /* OneYearView.swift in Sources */,
				AC7E9775296DC6A4006E4DA8 /* LoginView.swift in Sources */,
				AC4AE367296EB405002C458A /* GoogleSiginBtn.swift in Sources */,
				AC87A8E1296AA8CE007F55D9 /* Onboarding.swift in Sources */,
			);
			runOnlyForDeploymentPostprocessing = 0;
		};
/* End PBXSourcesBuildPhase section */

/* Begin XCBuildConfiguration section */
		ACA5242E2960140300D76958 /* Debug */ = {
			isa = XCBuildConfiguration;
			baseConfigurationReference = AC5474C529742401005DB650 /* Config.xcconfig */;
			buildSettings = {
				ALWAYS_SEARCH_USER_PATHS = NO;
				CLANG_ANALYZER_NONNULL = YES;
				CLANG_ANALYZER_NUMBER_OBJECT_CONVERSION = YES_AGGRESSIVE;
				CLANG_CXX_LANGUAGE_STANDARD = "gnu++20";
				CLANG_ENABLE_MODULES = YES;
				CLANG_ENABLE_OBJC_ARC = YES;
				CLANG_ENABLE_OBJC_WEAK = YES;
				CLANG_WARN_BLOCK_CAPTURE_AUTORELEASING = YES;
				CLANG_WARN_BOOL_CONVERSION = YES;
				CLANG_WARN_COMMA = YES;
				CLANG_WARN_CONSTANT_CONVERSION = YES;
				CLANG_WARN_DEPRECATED_OBJC_IMPLEMENTATIONS = YES;
				CLANG_WARN_DIRECT_OBJC_ISA_USAGE = YES_ERROR;
				CLANG_WARN_DOCUMENTATION_COMMENTS = YES;
				CLANG_WARN_EMPTY_BODY = YES;
				CLANG_WARN_ENUM_CONVERSION = YES;
				CLANG_WARN_INFINITE_RECURSION = YES;
				CLANG_WARN_INT_CONVERSION = YES;
				CLANG_WARN_NON_LITERAL_NULL_CONVERSION = YES;
				CLANG_WARN_OBJC_IMPLICIT_RETAIN_SELF = YES;
				CLANG_WARN_OBJC_LITERAL_CONVERSION = YES;
				CLANG_WARN_OBJC_ROOT_CLASS = YES_ERROR;
				CLANG_WARN_QUOTED_INCLUDE_IN_FRAMEWORK_HEADER = YES;
				CLANG_WARN_RANGE_LOOP_ANALYSIS = YES;
				CLANG_WARN_STRICT_PROTOTYPES = YES;
				CLANG_WARN_SUSPICIOUS_MOVE = YES;
				CLANG_WARN_UNGUARDED_AVAILABILITY = YES_AGGRESSIVE;
				CLANG_WARN_UNREACHABLE_CODE = YES;
				CLANG_WARN__DUPLICATE_METHOD_MATCH = YES;
				COPY_PHASE_STRIP = NO;
				DEBUG_INFORMATION_FORMAT = dwarf;
				ENABLE_STRICT_OBJC_MSGSEND = YES;
				ENABLE_TESTABILITY = YES;
				GCC_C_LANGUAGE_STANDARD = gnu11;
				GCC_DYNAMIC_NO_PIC = NO;
				GCC_NO_COMMON_BLOCKS = YES;
				GCC_OPTIMIZATION_LEVEL = 0;
				GCC_PREPROCESSOR_DEFINITIONS = (
					"DEBUG=1",
					"$(inherited)",
				);
				GCC_WARN_64_TO_32_BIT_CONVERSION = YES;
				GCC_WARN_ABOUT_RETURN_TYPE = YES_ERROR;
				GCC_WARN_UNDECLARED_SELECTOR = YES;
				GCC_WARN_UNINITIALIZED_AUTOS = YES_AGGRESSIVE;
				GCC_WARN_UNUSED_FUNCTION = YES;
				GCC_WARN_UNUSED_VARIABLE = YES;
				IPHONEOS_DEPLOYMENT_TARGET = 16.2;
				MTL_ENABLE_DEBUG_INFO = INCLUDE_SOURCE;
				MTL_FAST_MATH = YES;
				ONLY_ACTIVE_ARCH = YES;
				SDKROOT = iphoneos;
				SWIFT_ACTIVE_COMPILATION_CONDITIONS = DEBUG;
				SWIFT_OPTIMIZATION_LEVEL = "-Onone";
			};
			name = Debug;
		};
		ACA5242F2960140300D76958 /* Release */ = {
			isa = XCBuildConfiguration;
			baseConfigurationReference = AC5474C529742401005DB650 /* Config.xcconfig */;
			buildSettings = {
				ALWAYS_SEARCH_USER_PATHS = NO;
				CLANG_ANALYZER_NONNULL = YES;
				CLANG_ANALYZER_NUMBER_OBJECT_CONVERSION = YES_AGGRESSIVE;
				CLANG_CXX_LANGUAGE_STANDARD = "gnu++20";
				CLANG_ENABLE_MODULES = YES;
				CLANG_ENABLE_OBJC_ARC = YES;
				CLANG_ENABLE_OBJC_WEAK = YES;
				CLANG_WARN_BLOCK_CAPTURE_AUTORELEASING = YES;
				CLANG_WARN_BOOL_CONVERSION = YES;
				CLANG_WARN_COMMA = YES;
				CLANG_WARN_CONSTANT_CONVERSION = YES;
				CLANG_WARN_DEPRECATED_OBJC_IMPLEMENTATIONS = YES;
				CLANG_WARN_DIRECT_OBJC_ISA_USAGE = YES_ERROR;
				CLANG_WARN_DOCUMENTATION_COMMENTS = YES;
				CLANG_WARN_EMPTY_BODY = YES;
				CLANG_WARN_ENUM_CONVERSION = YES;
				CLANG_WARN_INFINITE_RECURSION = YES;
				CLANG_WARN_INT_CONVERSION = YES;
				CLANG_WARN_NON_LITERAL_NULL_CONVERSION = YES;
				CLANG_WARN_OBJC_IMPLICIT_RETAIN_SELF = YES;
				CLANG_WARN_OBJC_LITERAL_CONVERSION = YES;
				CLANG_WARN_OBJC_ROOT_CLASS = YES_ERROR;
				CLANG_WARN_QUOTED_INCLUDE_IN_FRAMEWORK_HEADER = YES;
				CLANG_WARN_RANGE_LOOP_ANALYSIS = YES;
				CLANG_WARN_STRICT_PROTOTYPES = YES;
				CLANG_WARN_SUSPICIOUS_MOVE = YES;
				CLANG_WARN_UNGUARDED_AVAILABILITY = YES_AGGRESSIVE;
				CLANG_WARN_UNREACHABLE_CODE = YES;
				CLANG_WARN__DUPLICATE_METHOD_MATCH = YES;
				COPY_PHASE_STRIP = NO;
				DEBUG_INFORMATION_FORMAT = "dwarf-with-dsym";
				ENABLE_NS_ASSERTIONS = NO;
				ENABLE_STRICT_OBJC_MSGSEND = YES;
				GCC_C_LANGUAGE_STANDARD = gnu11;
				GCC_NO_COMMON_BLOCKS = YES;
				GCC_WARN_64_TO_32_BIT_CONVERSION = YES;
				GCC_WARN_ABOUT_RETURN_TYPE = YES_ERROR;
				GCC_WARN_UNDECLARED_SELECTOR = YES;
				GCC_WARN_UNINITIALIZED_AUTOS = YES_AGGRESSIVE;
				GCC_WARN_UNUSED_FUNCTION = YES;
				GCC_WARN_UNUSED_VARIABLE = YES;
				IPHONEOS_DEPLOYMENT_TARGET = 16.2;
				MTL_ENABLE_DEBUG_INFO = NO;
				MTL_FAST_MATH = YES;
				SDKROOT = iphoneos;
				SWIFT_COMPILATION_MODE = wholemodule;
				SWIFT_OPTIMIZATION_LEVEL = "-O";
				VALIDATE_PRODUCT = YES;
			};
			name = Release;
		};
		ACA524312960140300D76958 /* Debug */ = {
			isa = XCBuildConfiguration;
			baseConfigurationReference = AC5474C529742401005DB650 /* Config.xcconfig */;
			buildSettings = {
				ASSETCATALOG_COMPILER_APPICON_NAME = AppIcon;
				ASSETCATALOG_COMPILER_GLOBAL_ACCENT_COLOR_NAME = AccentColor;
				CODE_SIGN_STYLE = Automatic;
				CURRENT_PROJECT_VERSION = 1;
				DEVELOPMENT_ASSET_PATHS = "\"RichPaper2/Preview Content\"";
				DEVELOPMENT_TEAM = 8N7YRTC92N;
				ENABLE_PREVIEWS = YES;
				GENERATE_INFOPLIST_FILE = YES;
				INFOPLIST_FILE = RichPaper2/Info.plist;
				INFOPLIST_KEY_UIApplicationSceneManifest_Generation = YES;
				INFOPLIST_KEY_UIApplicationSupportsIndirectInputEvents = YES;
				INFOPLIST_KEY_UILaunchScreen_Generation = YES;
				INFOPLIST_KEY_UISupportedInterfaceOrientations_iPad = "UIInterfaceOrientationPortrait UIInterfaceOrientationPortraitUpsideDown UIInterfaceOrientationLandscapeLeft UIInterfaceOrientationLandscapeRight";
				INFOPLIST_KEY_UISupportedInterfaceOrientations_iPhone = "UIInterfaceOrientationPortrait UIInterfaceOrientationLandscapeLeft UIInterfaceOrientationLandscapeRight";
				LD_RUNPATH_SEARCH_PATHS = (
					"$(inherited)",
					"@executable_path/Frameworks",
				);
				MARKETING_VERSION = 1.0;
				PRODUCT_BUNDLE_IDENTIFIER = "dae-bong-ski.RichPaper2";
				PRODUCT_NAME = "$(TARGET_NAME)";
				SWIFT_EMIT_LOC_STRINGS = YES;
				SWIFT_VERSION = 5.0;
				TARGETED_DEVICE_FAMILY = "1,2";
			};
			name = Debug;
		};
		ACA524322960140300D76958 /* Release */ = {
			isa = XCBuildConfiguration;
			baseConfigurationReference = AC5474C529742401005DB650 /* Config.xcconfig */;
			buildSettings = {
				ASSETCATALOG_COMPILER_APPICON_NAME = AppIcon;
				ASSETCATALOG_COMPILER_GLOBAL_ACCENT_COLOR_NAME = AccentColor;
				CODE_SIGN_STYLE = Automatic;
				CURRENT_PROJECT_VERSION = 1;
				DEVELOPMENT_ASSET_PATHS = "\"RichPaper2/Preview Content\"";
				DEVELOPMENT_TEAM = 8N7YRTC92N;
				ENABLE_PREVIEWS = YES;
				GENERATE_INFOPLIST_FILE = YES;
				INFOPLIST_FILE = RichPaper2/Info.plist;
				INFOPLIST_KEY_UIApplicationSceneManifest_Generation = YES;
				INFOPLIST_KEY_UIApplicationSupportsIndirectInputEvents = YES;
				INFOPLIST_KEY_UILaunchScreen_Generation = YES;
				INFOPLIST_KEY_UISupportedInterfaceOrientations_iPad = "UIInterfaceOrientationPortrait UIInterfaceOrientationPortraitUpsideDown UIInterfaceOrientationLandscapeLeft UIInterfaceOrientationLandscapeRight";
				INFOPLIST_KEY_UISupportedInterfaceOrientations_iPhone = "UIInterfaceOrientationPortrait UIInterfaceOrientationLandscapeLeft UIInterfaceOrientationLandscapeRight";
				LD_RUNPATH_SEARCH_PATHS = (
					"$(inherited)",
					"@executable_path/Frameworks",
				);
				MARKETING_VERSION = 1.0;
				PRODUCT_BUNDLE_IDENTIFIER = "dae-bong-ski.RichPaper2";
				PRODUCT_NAME = "$(TARGET_NAME)";
				SWIFT_EMIT_LOC_STRINGS = YES;
				SWIFT_VERSION = 5.0;
				TARGETED_DEVICE_FAMILY = "1,2";
			};
			name = Release;
		};
/* End XCBuildConfiguration section */

/* Begin XCConfigurationList section */
		ACA5241D2960140200D76958 /* Build configuration list for PBXProject "RichPaper2" */ = {
			isa = XCConfigurationList;
			buildConfigurations = (
				ACA5242E2960140300D76958 /* Debug */,
				ACA5242F2960140300D76958 /* Release */,
			);
			defaultConfigurationIsVisible = 0;
			defaultConfigurationName = Release;
		};
		ACA524302960140300D76958 /* Build configuration list for PBXNativeTarget "RichPaper2" */ = {
			isa = XCConfigurationList;
			buildConfigurations = (
				ACA524312960140300D76958 /* Debug */,
				ACA524322960140300D76958 /* Release */,
			);
			defaultConfigurationIsVisible = 0;
			defaultConfigurationName = Release;
		};
/* End XCConfigurationList section */

/* Begin XCRemoteSwiftPackageReference section */
		AC4AE358296EAEDA002C458A /* XCRemoteSwiftPackageReference "firebase-ios-sdk" */ = {
			isa = XCRemoteSwiftPackageReference;
			repositoryURL = "https://github.com/firebase/firebase-ios-sdk";
			requirement = {
				kind = upToNextMajorVersion;
				minimumVersion = 9.0.0;
			};
		};
		AC4AE36E296F121E002C458A /* XCRemoteSwiftPackageReference "GoogleSignIn-iOS" */ = {
			isa = XCRemoteSwiftPackageReference;
			repositoryURL = "https://github.com/google/GoogleSignIn-iOS.git";
			requirement = {
				kind = exactVersion;
				version = 6.2.3;
			};
		};
		AC5CE9042972F0EF0021F0F6 /* XCRemoteSwiftPackageReference "kakao-ios-sdk" */ = {
			isa = XCRemoteSwiftPackageReference;
			repositoryURL = "https://github.com/kakao/kakao-ios-sdk";
			requirement = {
				branch = master;
				kind = branch;
			};
		};
/* End XCRemoteSwiftPackageReference section */

/* Begin XCSwiftPackageProductDependency section */
		AC4AE359296EAEDA002C458A /* FirebaseAuth */ = {
			isa = XCSwiftPackageProductDependency;
			package = AC4AE358296EAEDA002C458A /* XCRemoteSwiftPackageReference "firebase-ios-sdk" */;
			productName = FirebaseAuth;
		};
		AC4AE36F296F121E002C458A /* GoogleSignIn */ = {
			isa = XCSwiftPackageProductDependency;
			package = AC4AE36E296F121E002C458A /* XCRemoteSwiftPackageReference "GoogleSignIn-iOS" */;
			productName = GoogleSignIn;
		};
		AC4AE371296F121E002C458A /* GoogleSignInSwift */ = {
			isa = XCSwiftPackageProductDependency;
			package = AC4AE36E296F121E002C458A /* XCRemoteSwiftPackageReference "GoogleSignIn-iOS" */;
			productName = GoogleSignInSwift;
		};
		AC5CE9052972F0EF0021F0F6 /* KakaoSDKAuth */ = {
			isa = XCSwiftPackageProductDependency;
			package = AC5CE9042972F0EF0021F0F6 /* XCRemoteSwiftPackageReference "kakao-ios-sdk" */;
			productName = KakaoSDKAuth;
		};
		AC5CE9072972F0EF0021F0F6 /* KakaoSDKCommon */ = {
			isa = XCSwiftPackageProductDependency;
			package = AC5CE9042972F0EF0021F0F6 /* XCRemoteSwiftPackageReference "kakao-ios-sdk" */;
			productName = KakaoSDKCommon;
		};
		AC5CE9092972F0EF0021F0F6 /* KakaoSDKUser */ = {
			isa = XCSwiftPackageProductDependency;
			package = AC5CE9042972F0EF0021F0F6 /* XCRemoteSwiftPackageReference "kakao-ios-sdk" */;
			productName = KakaoSDKUser;
		};
/* End XCSwiftPackageProductDependency section */
	};
	rootObject = ACA5241A2960140200D76958 /* Project object */;
}
